
Microsoft Visual Studio Solution File, Format Version 12.00
# Visual Studio Version 17
VisualStudioVersion = 17.4.33213.308
MinimumVisualStudioVersion = 10.0.40219.1
Project("{FAE04EC0-301F-11D3-BF4B-00C04F79EFBC}") = "dbv1", "dbv1\dbv1.csproj", "{7EA8C600-92C8-4868-9889-D37101C3381E}"
EndProject
Global
	GlobalSection(SolutionConfigurationPlatforms) = preSolution
		Debug|Any CPU = Debug|Any CPU
		Release|Any CPU = Release|Any CPU
	EndGlobalSection
	GlobalSection(ProjectConfigurationPlatforms) = postSolution
		{7EA8C600-92C8-4868-9889-D37101C3381E}.Debug|Any CPU.ActiveCfg = Debug|Any CPU
		{7EA8C600-92C8-4868-9889-D37101C3381E}.Debug|Any CPU.Build.0 = Debug|Any CPU
		{7EA8C600-92C8-4868-9889-D37101C3381E}.Release|Any CPU.ActiveCfg = Release|Any CPU
		{7EA8C600-92C8-4868-9889-D37101C3381E}.Release|Any CPU.Build.0 = Release|Any CPU
	EndGlobalSection
	GlobalSection(SolutionProperties) = preSolution
		HideSolutionNode = FALSE
	EndGlobalSection
	GlobalSection(ExtensibilityGlobals) = postSolution
		SolutionGuid = {0CF7294D-CF18-425B-8CFA-2DC293A0F4E4}
	EndGlobalSection
EndGlobal
