
Microsoft Visual Studio Solution File, Format Version 12.00
# Visual Studio Version 17
VisualStudioVersion = 17.4.33213.308
MinimumVisualStudioVersion = 10.0.40219.1
Project("{FAE04EC0-301F-11D3-BF4B-00C04F79EFBC}") = "loteriaV2", "loteriaV2\loteriaV2.csproj", "{7984818D-6952-4987-8C2B-CABA07D14CB3}"
EndProject
Global
	GlobalSection(SolutionConfigurationPlatforms) = preSolution
		Debug|Any CPU = Debug|Any CPU
		Release|Any CPU = Release|Any CPU
	EndGlobalSection
	GlobalSection(ProjectConfigurationPlatforms) = postSolution
		{7984818D-6952-4987-8C2B-CABA07D14CB3}.Debug|Any CPU.ActiveCfg = Debug|Any CPU
		{7984818D-6952-4987-8C2B-CABA07D14CB3}.Debug|Any CPU.Build.0 = Debug|Any CPU
		{7984818D-6952-4987-8C2B-CABA07D14CB3}.Release|Any CPU.ActiveCfg = Release|Any CPU
		{7984818D-6952-4987-8C2B-CABA07D14CB3}.Release|Any CPU.Build.0 = Release|Any CPU
	EndGlobalSection
	GlobalSection(SolutionProperties) = preSolution
		HideSolutionNode = FALSE
	EndGlobalSection
	GlobalSection(ExtensibilityGlobals) = postSolution
		SolutionGuid = {5BB9CB1F-359F-462C-A1A6-3C76304B53E9}
	EndGlobalSection
EndGlobal
